
Microsoft Visual Studio Solution File, Format Version 12.00
# Visual Studio 15
VisualStudioVersion = 15.0.26430.15
MinimumVisualStudioVersion = 10.0.40219.1
Project("{FAE04EC0-301F-11D3-BF4B-00C04F79EFBC}") = "ConstruccionSegura", "ConstruccionSegura\ConstruccionSegura.csproj", "{C8607462-4F70-48F1-AACC-26CD9DC0118F}"
EndProject
Project("{FAE04EC0-301F-11D3-BF4B-00C04F79EFBC}") = "ConstruccionSegura.Tests", "ConstruccionSegura.Tests\ConstruccionSegura.Tests.csproj", "{AA21A802-BF24-4F70-8216-CC287D63FF18}"
EndProject
Global
	GlobalSection(SolutionConfigurationPlatforms) = preSolution
		Debug|Any CPU = Debug|Any CPU
		Release|Any CPU = Release|Any CPU
	EndGlobalSection
	GlobalSection(ProjectConfigurationPlatforms) = postSolution
		{C8607462-4F70-48F1-AACC-26CD9DC0118F}.Debug|Any CPU.ActiveCfg = Debug|Any CPU
		{C8607462-4F70-48F1-AACC-26CD9DC0118F}.Debug|Any CPU.Build.0 = Debug|Any CPU
		{C8607462-4F70-48F1-AACC-26CD9DC0118F}.Release|Any CPU.ActiveCfg = Release|Any CPU
		{C8607462-4F70-48F1-AACC-26CD9DC0118F}.Release|Any CPU.Build.0 = Release|Any CPU
		{AA21A802-BF24-4F70-8216-CC287D63FF18}.Debug|Any CPU.ActiveCfg = Debug|Any CPU
		{AA21A802-BF24-4F70-8216-CC287D63FF18}.Debug|Any CPU.Build.0 = Debug|Any CPU
		{AA21A802-BF24-4F70-8216-CC287D63FF18}.Release|Any CPU.ActiveCfg = Release|Any CPU
		{AA21A802-BF24-4F70-8216-CC287D63FF18}.Release|Any CPU.Build.0 = Release|Any CPU
	EndGlobalSection
	GlobalSection(SolutionProperties) = preSolution
		HideSolutionNode = FALSE
	EndGlobalSection
EndGlobal
